
Microsoft Visual Studio Solution File, Format Version 12.00
# Visual Studio Version 17
VisualStudioVersion = 17.14.37111.16 d17.14
MinimumVisualStudioVersion = 10.0.40219.1
Project("{FAE04EC0-301F-11D3-BF4B-00C04F79EFBC}") = "MTGCardFinder", "MTGCardFinder\MTGCardFinder.csproj", "{809EBF9F-3FA8-4593-929C-82BEC8FA5481}"
EndProject
Global
	GlobalSection(SolutionConfigurationPlatforms) = preSolution
		Debug|Any CPU = Debug|Any CPU
		Release|Any CPU = Release|Any CPU
	EndGlobalSection
	GlobalSection(ProjectConfigurationPlatforms) = postSolution
		{809EBF9F-3FA8-4593-929C-82BEC8FA5481}.Debug|Any CPU.ActiveCfg = Debug|Any CPU
		{809EBF9F-3FA8-4593-929C-82BEC8FA5481}.Debug|Any CPU.Build.0 = Debug|Any CPU
		{809EBF9F-3FA8-4593-929C-82BEC8FA5481}.Release|Any CPU.ActiveCfg = Release|Any CPU
		{809EBF9F-3FA8-4593-929C-82BEC8FA5481}.Release|Any CPU.Build.0 = Release|Any CPU
	EndGlobalSection
	GlobalSection(SolutionProperties) = preSolution
		HideSolutionNode = FALSE
	EndGlobalSection
	GlobalSection(ExtensibilityGlobals) = postSolution
		SolutionGuid = {92531C72-6E1A-4251-A2D9-A3D7D4A7002D}
	EndGlobalSection
EndGlobal
